{
  "version": 4,
  "terraform_version": "1.3.7",
  "serial": 45,
  "lineage": "d7f7bbf2-14ee-7759-66e0-f300768d617b",
  "outputs": {},
  "resources": [
    {
      "mode": "data",
      "type": "aws_iam_policy_document",
      "name": "moumita_ec2_assume_role_policy",
      "provider": "provider[\"registry.terraform.io/hashicorp/aws\"]",
      "instances": [
        {
          "schema_version": 0,
          "attributes": {
            "id": "1903849331",
            "json": "{\n  \"Version\": \"2012-10-17\",\n  \"Statement\": [\n    {\n      \"Sid\": \"\",\n      \"Effect\": \"Allow\",\n      \"Action\": \"sts:AssumeRole\",\n      \"Principal\": {\n        \"Service\": \"ec2.amazonaws.com\"\n      }\n    }\n  ]\n}",
            "override_json": null,
            "override_policy_documents": null,
            "policy_id": null,
            "source_json": null,
            "source_policy_documents": null,
            "statement": [
              {
                "actions": [
                  "sts:AssumeRole"
                ],
                "condition": [],
                "effect": "Allow",
                "not_actions": [],
                "not_principals": [],
                "not_resources": [],
                "principals": [
                  {
                    "identifiers": [
                      "ec2.amazonaws.com"
                    ],
                    "type": "Service"
                  }
                ],
                "resources": [],
                "sid": ""
              }
            ],
            "version": "2012-10-17"
          },
          "sensitive_attributes": []
        }
      ]
    },
    {
      "mode": "data",
      "type": "aws_iam_policy_document",
      "name": "moumita_eks_assume_role_policy",
      "provider": "provider[\"registry.terraform.io/hashicorp/aws\"]",
      "instances": [
        {
          "schema_version": 0,
          "attributes": {
            "id": "189502314",
            "json": "{\n  \"Version\": \"2012-10-17\",\n  \"Statement\": [\n    {\n      \"Sid\": \"\",\n      \"Effect\": \"Allow\",\n      \"Action\": \"sts:AssumeRole\",\n      \"Principal\": {\n        \"Service\": \"eks.amazonaws.com\"\n      }\n    }\n  ]\n}",
            "override_json": null,
            "override_policy_documents": null,
            "policy_id": null,
            "source_json": null,
            "source_policy_documents": null,
            "statement": [
              {
                "actions": [
                  "sts:AssumeRole"
                ],
                "condition": [],
                "effect": "Allow",
                "not_actions": [],
                "not_principals": [],
                "not_resources": [],
                "principals": [
                  {
                    "identifiers": [
                      "eks.amazonaws.com"
                    ],
                    "type": "Service"
                  }
                ],
                "resources": [],
                "sid": ""
              }
            ],
            "version": "2012-10-17"
          },
          "sensitive_attributes": []
        }
      ]
    },
    {
      "mode": "managed",
      "type": "aws_eks_cluster",
      "name": "moumita-infracubator-cluster",
      "provider": "provider[\"registry.terraform.io/hashicorp/aws\"]",
      "instances": [
        {
          "schema_version": 0,
          "attributes": {
            "arn": "arn:aws:eks:ap-south-1:489455091964:cluster/moumita-infracubator-cluster",
            "certificate_authority": [
              {
                "data": "LS0tLS1CRUdJTiBDRVJUSUZJQ0FURS0tLS0tCk1JSUMvakNDQWVhZ0F3SUJBZ0lCQURBTkJna3Foa2lHOXcwQkFRc0ZBREFWTVJNd0VRWURWUVFERXdwcmRXSmwKY201bGRHVnpNQjRYRFRJek1ESXhOVEExTWpRek9Wb1hEVE16TURJeE1qQTFNalF6T1Zvd0ZURVRNQkVHQTFVRQpBeE1LYTNWaVpYSnVaWFJsY3pDQ0FTSXdEUVlKS29aSWh2Y05BUUVCQlFBRGdnRVBBRENDQVFvQ2dnRUJBTUU0CnlHWkdmSlFjbEdEeTNBVXVyOExaZThoNVJoVVhoclZBcWlMMndFWnM0dk1VQklId2tqVVZmenNsNUFrdGh1K3YKVllEdTFDV3B0OGZqZ3I5WktVdjY3aTVzWnY4SUc5b3UwQW9NRE5sc3lDcE4zQmp4aDZYWFAzLzljTkJIMUNrWQpiVlNQSFk3eFQxVW1wcnZGTUN6S0ZHb3Exb1Bid1dJUVRVZ1prYWRxWmtkUUFNemprTmlVY3VOWXVLS0UxTnMrClpuTDhiY0FxM1JqNGlQbDUyNlY0WXF1WkR2OEZlbmh2aHJwSUJDT1BrUU1sa1N2aUtnU2k5NmhOL1UzZ0JGYmIKaUl5YThuVTBvODVQSExrNXlIM1hmVDNkdVRGd1FFV3FXdkNHd1pVRDFKVlQ1TkJ3Q3RudWVhMVhlS090dGRjYQpyZnpNaWVFTVA1SFNwK3hKRVU4Q0F3RUFBYU5aTUZjd0RnWURWUjBQQVFIL0JBUURBZ0trTUE4R0ExVWRFd0VCCi93UUZNQU1CQWY4d0hRWURWUjBPQkJZRUZEWWFxNGxFdzdDVHJZMGRrMUdLYk9FcnVFUmVNQlVHQTFVZEVRUU8KTUF5Q0NtdDFZbVZ5Ym1WMFpYTXdEUVlKS29aSWh2Y05BUUVMQlFBRGdnRUJBSXVWVjdSTndzS0RpV3dycUEwcwowRVl0VFNsUmNhTFlyNEZiUEJscXErOGxFNWhyWGJEN1ZEUE80YmFQdjBBQ09ocEhXbFNIZkt2RFRsbmlvdzROCndrNit2bi90RmhIZUhldE10TkptQzFWWTRkclgzV0FFYzJYLzVjSXBBR2VRZW03NWpVOVRXSnhpcVppK2dSaWEKRUlCQnRYeHlvQ3ZlK3c5cFBadXJqUnoySTRMN2hJd1M5SjhuQS95QjZDUEhuQXkvbVdFSjcwcHBWUG82WmJJQgpScnhsTXd3czdFNk5mSTRLY2pJdk5USUhKVGx1ak1oOGIzYTZvcXRwdUN4SjNhUm5wOGRBbnFVY1RHNmJyZkFFCkRBamdWTWFFU2Z3UFcvR25USGs0L1lBNWhuSExSYm4wT1Z3YkFXS2MrRXM1VkhScE5SZ2xhc1VwalJZeWlnbGsKMFJZPQotLS0tLUVORCBDRVJUSUZJQ0FURS0tLS0tCg=="
              }
            ],
            "cluster_id": null,
            "created_at": "2023-02-15 05:19:35.092 +0000 UTC",
            "enabled_cluster_log_types": [],
            "encryption_config": [],
            "endpoint": "https://2625EE2E2449B90540047EFA74A3BD28.gr7.ap-south-1.eks.amazonaws.com",
            "id": "moumita-infracubator-cluster",
            "identity": [
              {
                "oidc": [
                  {
                    "issuer": "https://oidc.eks.ap-south-1.amazonaws.com/id/2625EE2E2449B90540047EFA74A3BD28"
                  }
                ]
              }
            ],
            "kubernetes_network_config": [
              {
                "ip_family": "ipv4",
                "service_ipv4_cidr": "10.100.0.0/16",
                "service_ipv6_cidr": ""
              }
            ],
            "name": "moumita-infracubator-cluster",
            "outpost_config": [],
            "platform_version": "eks.4",
            "role_arn": "arn:aws:iam::489455091964:role/moumita_infra_eks_cluster_iam_role",
            "status": "ACTIVE",
            "tags": {},
            "tags_all": {},
            "timeouts": null,
            "version": "1.24",
            "vpc_config": [
              {
                "cluster_security_group_id": "sg-0448b261f1f2aa5bb",
                "endpoint_private_access": true,
                "endpoint_public_access": true,
                "public_access_cidrs": [
                  "0.0.0.0/0"
                ],
                "security_group_ids": [
                  "sg-0d2f0ceb97c38db37"
                ],
                "subnet_ids": [
                  "subnet-097dcf4c27c763332",
                  "subnet-097e8dccbf700f80b",
                  "subnet-0d6cf0838053435a9",
                  "subnet-0d9c79b537d591ab2"
                ],
                "vpc_id": "vpc-087d9a138cb75a809"
              }
            ]
          },
          "sensitive_attributes": [],
          "private": "eyJlMmJmYjczMC1lY2FhLTExZTYtOGY4OC0zNDM2M2JjN2M0YzAiOnsiY3JlYXRlIjoxODAwMDAwMDAwMDAwLCJkZWxldGUiOjkwMDAwMDAwMDAwMCwidXBkYXRlIjozNjAwMDAwMDAwMDAwfX0=",
          "dependencies": [
            "aws_iam_role.moumita_infra_eks_cluster_iam_role",
            "aws_security_group.moumita_infra_sg",
            "data.aws_iam_policy_document.moumita_eks_assume_role_policy"
          ]
        }
      ]
    },
    {
      "mode": "managed",
      "type": "aws_eks_node_group",
      "name": "moumita-infra-ng",
      "provider": "provider[\"registry.terraform.io/hashicorp/aws\"]",
      "instances": [
        {
          "schema_version": 0,
          "attributes": {
            "ami_type": "AL2_x86_64",
            "arn": "arn:aws:eks:ap-south-1:489455091964:nodegroup/moumita-infracubator-cluster/moumita-infra-ng/b0c329d6-094b-ba63-8fdd-815607d18efb",
            "capacity_type": "ON_DEMAND",
            "cluster_name": "moumita-infracubator-cluster",
            "disk_size": 20,
            "force_update_version": null,
            "id": "moumita-infracubator-cluster:moumita-infra-ng",
            "instance_types": [
              "t2.small"
            ],
            "labels": {},
            "launch_template": [],
            "node_group_name": "moumita-infra-ng",
            "node_group_name_prefix": "",
            "node_role_arn": "arn:aws:iam::489455091964:role/moumita_infra_node_group_iam_role",
            "release_version": "1.24.9-20230203",
            "remote_access": [],
            "resources": [
              {
                "autoscaling_groups": [
                  {
                    "name": "eks-moumita-infra-ng-b0c329d6-094b-ba63-8fdd-815607d18efb"
                  }
                ],
                "remote_access_security_group_id": ""
              }
            ],
            "scaling_config": [
              {
                "desired_size": 2,
                "max_size": 2,
                "min_size": 1
              }
            ],
            "status": "ACTIVE",
            "subnet_ids": [
              "subnet-097dcf4c27c763332",
              "subnet-097e8dccbf700f80b",
              "subnet-0d6cf0838053435a9",
              "subnet-0d9c79b537d591ab2"
            ],
            "tags": {},
            "tags_all": {},
            "taint": [],
            "timeouts": null,
            "update_config": [
              {
                "max_unavailable": 1,
                "max_unavailable_percentage": 0
              }
            ],
            "version": "1.24"
          },
          "sensitive_attributes": [],
          "private": "eyJlMmJmYjczMC1lY2FhLTExZTYtOGY4OC0zNDM2M2JjN2M0YzAiOnsiY3JlYXRlIjozNjAwMDAwMDAwMDAwLCJkZWxldGUiOjM2MDAwMDAwMDAwMDAsInVwZGF0ZSI6MzYwMDAwMDAwMDAwMH19",
          "dependencies": [
            "aws_eks_cluster.moumita-infracubator-cluster",
            "aws_iam_role.moumita_infra_eks_cluster_iam_role",
            "aws_iam_role.moumita_infra_node_group_iam_role",
            "aws_iam_role_policy_attachment.moumita_AmazonEC2ContainerRegistryReadOnly",
            "aws_iam_role_policy_attachment.moumita_AmazonEKSWorkerNodePolicy",
            "aws_iam_role_policy_attachment.moumita_AmazonEKS_CNI_Policy",
            "aws_security_group.moumita_infra_sg",
            "data.aws_iam_policy_document.moumita_ec2_assume_role_policy",
            "data.aws_iam_policy_document.moumita_eks_assume_role_policy"
          ]
        }
      ]
    },
    {
      "mode": "managed",
      "type": "aws_iam_role",
      "name": "moumita_infra_eks_cluster_iam_role",
      "provider": "provider[\"registry.terraform.io/hashicorp/aws\"]",
      "instances": [
        {
          "schema_version": 0,
          "attributes": {
            "arn": "arn:aws:iam::489455091964:role/moumita_infra_eks_cluster_iam_role",
            "assume_role_policy": "{\"Statement\":[{\"Action\":\"sts:AssumeRole\",\"Effect\":\"Allow\",\"Principal\":{\"Service\":\"eks.amazonaws.com\"},\"Sid\":\"\"}],\"Version\":\"2012-10-17\"}",
            "create_date": "2023-02-15T04:28:46Z",
            "description": "",
            "force_detach_policies": false,
            "id": "moumita_infra_eks_cluster_iam_role",
            "inline_policy": [],
            "managed_policy_arns": [],
            "max_session_duration": 3600,
            "name": "moumita_infra_eks_cluster_iam_role",
            "name_prefix": "",
            "path": "/",
            "permissions_boundary": null,
            "tags": {},
            "tags_all": {},
            "unique_id": "AROAXD5OMAD6C2IWLY23K"
          },
          "sensitive_attributes": [],
          "private": "bnVsbA==",
          "dependencies": [
            "data.aws_iam_policy_document.moumita_eks_assume_role_policy"
          ]
        }
      ]
    },
    {
      "mode": "managed",
      "type": "aws_iam_role",
      "name": "moumita_infra_node_group_iam_role",
      "provider": "provider[\"registry.terraform.io/hashicorp/aws\"]",
      "instances": [
        {
          "schema_version": 0,
          "attributes": {
            "arn": "arn:aws:iam::489455091964:role/moumita_infra_node_group_iam_role",
            "assume_role_policy": "{\"Statement\":[{\"Action\":\"sts:AssumeRole\",\"Effect\":\"Allow\",\"Principal\":{\"Service\":\"ec2.amazonaws.com\"},\"Sid\":\"\"}],\"Version\":\"2012-10-17\"}",
            "create_date": "2023-02-15T05:43:17Z",
            "description": "",
            "force_detach_policies": false,
            "id": "moumita_infra_node_group_iam_role",
            "inline_policy": [],
            "managed_policy_arns": [],
            "max_session_duration": 3600,
            "name": "moumita_infra_node_group_iam_role",
            "name_prefix": "",
            "path": "/",
            "permissions_boundary": null,
            "tags": {},
            "tags_all": {},
            "unique_id": "AROAXD5OMAD6NYIIOUS6K"
          },
          "sensitive_attributes": [],
          "private": "bnVsbA==",
          "dependencies": [
            "data.aws_iam_policy_document.moumita_ec2_assume_role_policy"
          ]
        }
      ]
    },
    {
      "mode": "managed",
      "type": "aws_iam_role_policy_attachment",
      "name": "moumita_AmazonEC2ContainerRegistryReadOnly",
      "provider": "provider[\"registry.terraform.io/hashicorp/aws\"]",
      "instances": [
        {
          "schema_version": 0,
          "attributes": {
            "id": "moumita_infra_node_group_iam_role-20230215065436164400000004",
            "policy_arn": "arn:aws:iam::aws:policy/AmazonEC2ContainerRegistryReadOnly",
            "role": "moumita_infra_node_group_iam_role"
          },
          "sensitive_attributes": [],
          "private": "bnVsbA==",
          "dependencies": [
            "aws_iam_role.moumita_infra_node_group_iam_role"
          ]
        }
      ]
    },
    {
      "mode": "managed",
      "type": "aws_iam_role_policy_attachment",
      "name": "moumita_AmazonEKSClusterPolicy",
      "provider": "provider[\"registry.terraform.io/hashicorp/aws\"]",
      "instances": [
        {
          "schema_version": 0,
          "attributes": {
            "id": "moumita_infra_eks_cluster_iam_role-20230215065436120700000002",
            "policy_arn": "arn:aws:iam::aws:policy/AmazonEKSClusterPolicy",
            "role": "moumita_infra_eks_cluster_iam_role"
          },
          "sensitive_attributes": [],
          "private": "bnVsbA==",
          "dependencies": [
            "aws_iam_role.moumita_infra_eks_cluster_iam_role"
          ]
        }
      ]
    },
    {
      "mode": "managed",
      "type": "aws_iam_role_policy_attachment",
      "name": "moumita_AmazonEKSWorkerNodePolicy",
      "provider": "provider[\"registry.terraform.io/hashicorp/aws\"]",
      "instances": [
        {
          "schema_version": 0,
          "attributes": {
            "id": "moumita_infra_node_group_iam_role-20230215065436120300000001",
            "policy_arn": "arn:aws:iam::aws:policy/AmazonEKSWorkerNodePolicy",
            "role": "moumita_infra_node_group_iam_role"
          },
          "sensitive_attributes": [],
          "private": "bnVsbA==",
          "dependencies": [
            "aws_iam_role.moumita_infra_node_group_iam_role"
          ]
        }
      ]
    },
    {
      "mode": "managed",
      "type": "aws_iam_role_policy_attachment",
      "name": "moumita_AmazonEKS_CNI_Policy",
      "provider": "provider[\"registry.terraform.io/hashicorp/aws\"]",
      "instances": [
        {
          "schema_version": 0,
          "attributes": {
            "id": "moumita_infra_node_group_iam_role-20230215065436132700000003",
            "policy_arn": "arn:aws:iam::aws:policy/AmazonEKS_CNI_Policy",
            "role": "moumita_infra_node_group_iam_role"
          },
          "sensitive_attributes": [],
          "private": "bnVsbA==",
          "dependencies": [
            "aws_iam_role.moumita_infra_node_group_iam_role"
          ]
        }
      ]
    },
    {
      "mode": "managed",
      "type": "aws_security_group",
      "name": "moumita_infra_sg",
      "provider": "provider[\"registry.terraform.io/hashicorp/aws\"]",
      "instances": [
        {
          "schema_version": 1,
          "attributes": {
            "arn": "arn:aws:ec2:ap-south-1:489455091964:security-group/sg-0d2f0ceb97c38db37",
            "description": "Allow HTTP and SSH inbound traffics",
            "egress": [
              {
                "cidr_blocks": [
                  "0.0.0.0/0"
                ],
                "description": "",
                "from_port": 0,
                "ipv6_cidr_blocks": [],
                "prefix_list_ids": [],
                "protocol": "-1",
                "security_groups": [],
                "self": false,
                "to_port": 0
              }
            ],
            "id": "sg-0d2f0ceb97c38db37",
            "ingress": [
              {
                "cidr_blocks": [
                  "202.142.105.2/32"
                ],
                "description": "",
                "from_port": 22,
                "ipv6_cidr_blocks": [],
                "prefix_list_ids": [],
                "protocol": "tcp",
                "security_groups": [],
                "self": false,
                "to_port": 22
              },
              {
                "cidr_blocks": [
                  "202.142.105.2/32"
                ],
                "description": "",
                "from_port": 80,
                "ipv6_cidr_blocks": [],
                "prefix_list_ids": [],
                "protocol": "tcp",
                "security_groups": [],
                "self": false,
                "to_port": 80
              }
            ],
            "name": "moumita_infra_sg",
            "name_prefix": "",
            "owner_id": "489455091964",
            "revoke_rules_on_delete": false,
            "tags": {},
            "tags_all": {},
            "timeouts": null,
            "vpc_id": "vpc-087d9a138cb75a809"
          },
          "sensitive_attributes": [],
          "private": "eyJlMmJmYjczMC1lY2FhLTExZTYtOGY4OC0zNDM2M2JjN2M0YzAiOnsiY3JlYXRlIjo2MDAwMDAwMDAwMDAsImRlbGV0ZSI6OTAwMDAwMDAwMDAwfSwic2NoZW1hX3ZlcnNpb24iOiIxIn0="
        }
      ]
    }
  ],
  "check_results": null
}
